// !$*UTF8*$!
{
	archiveVersion = 1;
	classes = {
	};
	objectVersion = 46;
	objects = {

/* Begin PBXBuildFile section */
		ABDBC5AB1C8A53CD007EC45B /* main.m in Sources */ = {isa = PBXBuildFile; fileRef = ABDBC5AA1C8A53CD007EC45B /* main.m */; };
		ABDBC5AE1C8A53CD007EC45B /* AppDelegate.m in Sources */ = {isa = PBXBuildFile; fileRef = ABDBC5AD1C8A53CD007EC45B /* AppDelegate.m */; };
		ABDBC5B41C8A53CD007EC45B /* Main.storyboard in Resources */ = {isa = PBXBuildFile; fileRef = ABDBC5B21C8A53CD007EC45B /* Main.storyboard */; };
		ABDBC5B61C8A53CD007EC45B /* Assets.xcassets in Resources */ = {isa = PBXBuildFile; fileRef = ABDBC5B51C8A53CD007EC45B /* Assets.xcassets */; };
		ABDBC5B91C8A53CD007EC45B /* LaunchScreen.storyboard in Resources */ = {isa = PBXBuildFile; fileRef = ABDBC5B71C8A53CD007EC45B /* LaunchScreen.storyboard */; };
		ABDBC5C31C8A5429007EC45B /* Country.m in Sources */ = {isa = PBXBuildFile; fileRef = ABDBC5C21C8A5429007EC45B /* Country.m */; };
		ABDBC5C61C8A5545007EC45B /* Continent.m in Sources */ = {isa = PBXBuildFile; fileRef = ABDBC5C51C8A5545007EC45B /* Continent.m */; };
		ABDBC5C91C8A565C007EC45B /* Data.m in Sources */ = {isa = PBXBuildFile; fileRef = ABDBC5C81C8A565C007EC45B /* Data.m */; };
		ABDBC5CE1C8A5B03007EC45B /* MultiSectionTableView.m in Sources */ = {isa = PBXBuildFile; fileRef = ABDBC5CD1C8A5B03007EC45B /* MultiSectionTableView.m */; };
		ABDBC5DC1C8A651B007EC45B /* Brazil.png in Resources */ = {isa = PBXBuildFile; fileRef = ABDBC5D01C8A651B007EC45B /* Brazil.png */; };
		ABDBC5DD1C8A651B007EC45B /* France.png in Resources */ = {isa = PBXBuildFile; fileRef = ABDBC5D11C8A651B007EC45B /* France.png */; };
		ABDBC5DE1C8A651B007EC45B /* German.png in Resources */ = {isa = PBXBuildFile; fileRef = ABDBC5D21C8A651B007EC45B /* German.png */; };
		ABDBC5DF1C8A651B007EC45B /* Indonesia.png in Resources */ = {isa = PBXBuildFile; fileRef = ABDBC5D31C8A651B007EC45B /* Indonesia.png */; };
		ABDBC5E01C8A651B007EC45B /* Japan.png in Resources */ = {isa = PBXBuildFile; fileRef = ABDBC5D41C8A651B007EC45B /* Japan.png */; };
		ABDBC5E11C8A651B007EC45B /* Mexico.png in Resources */ = {isa = PBXBuildFile; fileRef = ABDBC5D51C8A651B007EC45B /* Mexico.png */; };
		ABDBC5E21C8A651B007EC45B /* Russia.png in Resources */ = {isa = PBXBuildFile; fileRef = ABDBC5D61C8A651B007EC45B /* Russia.png */; };
		ABDBC5E31C8A651B007EC45B /* Singapore.png in Resources */ = {isa = PBXBuildFile; fileRef = ABDBC5D71C8A651B007EC45B /* Singapore.png */; };
		ABDBC5E41C8A651B007EC45B /* Spain.png in Resources */ = {isa = PBXBuildFile; fileRef = ABDBC5D81C8A651B007EC45B /* Spain.png */; };
		ABDBC5E51C8A651B007EC45B /* United Kingdom.png in Resources */ = {isa = PBXBuildFile; fileRef = ABDBC5D91C8A651B007EC45B /* United Kingdom.png */; };
		ABDBC5E61C8A651B007EC45B /* United States.png in Resources */ = {isa = PBXBuildFile; fileRef = ABDBC5DA1C8A651B007EC45B /* United States.png */; };
		ABDBC5E71C8A651B007EC45B /* Vietnam.png in Resources */ = {isa = PBXBuildFile; fileRef = ABDBC5DB1C8A651B007EC45B /* Vietnam.png */; };
		ABDBC5E91C8A66AF007EC45B /* Data.plist in Resources */ = {isa = PBXBuildFile; fileRef = ABDBC5E81C8A66AF007EC45B /* Data.plist */; };
/* End PBXBuildFile section */

/* Begin PBXFileReference section */
		ABDBC5A61C8A53CD007EC45B /* MultiSectionTableView.app */ = {isa = PBXFileReference; explicitFileType = wrapper.application; includeInIndex = 0; path = MultiSectionTableView.app; sourceTree = BUILT_PRODUCTS_DIR; };
		ABDBC5AA1C8A53CD007EC45B /* main.m */ = {isa = PBXFileReference; lastKnownFileType = sourcecode.c.objc; path = main.m; sourceTree = "<group>"; };
		ABDBC5AC1C8A53CD007EC45B /* AppDelegate.h */ = {isa = PBXFileReference; lastKnownFileType = sourcecode.c.h; path = AppDelegate.h; sourceTree = "<group>"; };
		ABDBC5AD1C8A53CD007EC45B /* AppDelegate.m */ = {isa = PBXFileReference; lastKnownFileType = sourcecode.c.objc; path = AppDelegate.m; sourceTree = "<group>"; };
		ABDBC5B31C8A53CD007EC45B /* Base */ = {isa = PBXFileReference; lastKnownFileType = file.storyboard; name = Base; path = Base.lproj/Main.storyboard; sourceTree = "<group>"; };
		ABDBC5B51C8A53CD007EC45B /* Assets.xcassets */ = {isa = PBXFileReference; lastKnownFileType = folder.assetcatalog; path = Assets.xcassets; sourceTree = "<group>"; };
		ABDBC5B81C8A53CD007EC45B /* Base */ = {isa = PBXFileReference; lastKnownFileType = file.storyboard; name = Base; path = Base.lproj/LaunchScreen.storyboard; sourceTree = "<group>"; };
		ABDBC5BA1C8A53CD007EC45B /* Info.plist */ = {isa = PBXFileReference; lastKnownFileType = text.plist.xml; path = Info.plist; sourceTree = "<group>"; };
		ABDBC5C11C8A5429007EC45B /* Country.h */ = {isa = PBXFileReference; fileEncoding = 4; lastKnownFileType = sourcecode.c.h; path = Country.h; sourceTree = "<group>"; };
		ABDBC5C21C8A5429007EC45B /* Country.m */ = {isa = PBXFileReference; fileEncoding = 4; lastKnownFileType = sourcecode.c.objc; path = Country.m; sourceTree = "<group>"; };
		ABDBC5C41C8A5545007EC45B /* Continent.h */ = {isa = PBXFileReference; fileEncoding = 4; lastKnownFileType = sourcecode.c.h; path = Continent.h; sourceTree = "<group>"; };
		ABDBC5C51C8A5545007EC45B /* Continent.m */ = {isa = PBXFileReference; fileEncoding = 4; lastKnownFileType = sourcecode.c.objc; path = Continent.m; sourceTree = "<group>"; };
		ABDBC5C71C8A565C007EC45B /* Data.h */ = {isa = PBXFileReference; fileEncoding = 4; lastKnownFileType = sourcecode.c.h; path = Data.h; sourceTree = "<group>"; };
		ABDBC5C81C8A565C007EC45B /* Data.m */ = {isa = PBXFileReference; fileEncoding = 4; lastKnownFileType = sourcecode.c.objc; path = Data.m; sourceTree = "<group>"; };
		ABDBC5CC1C8A5B03007EC45B /* MultiSectionTableView.h */ = {isa = PBXFileReference; fileEncoding = 4; lastKnownFileType = sourcecode.c.h; path = MultiSectionTableView.h; sourceTree = "<group>"; };
		ABDBC5CD1C8A5B03007EC45B /* MultiSectionTableView.m */ = {isa = PBXFileReference; fileEncoding = 4; lastKnownFileType = sourcecode.c.objc; path = MultiSectionTableView.m; sourceTree = "<group>"; };
		ABDBC5D01C8A651B007EC45B /* Brazil.png */ = {isa = PBXFileReference; lastKnownFileType = image.png; path = Brazil.png; sourceTree = "<group>"; };
		ABDBC5D11C8A651B007EC45B /* France.png */ = {isa = PBXFileReference; lastKnownFileType = image.png; path = France.png; sourceTree = "<group>"; };
		ABDBC5D21C8A651B007EC45B /* German.png */ = {isa = PBXFileReference; lastKnownFileType = image.png; path = German.png; sourceTree = "<group>"; };
		ABDBC5D31C8A651B007EC45B /* Indonesia.png */ = {isa = PBXFileReference; lastKnownFileType = image.png; path = Indonesia.png; sourceTree = "<group>"; };
		ABDBC5D41C8A651B007EC45B /* Japan.png */ = {isa = PBXFileReference; lastKnownFileType = image.png; path = Japan.png; sourceTree = "<group>"; };
		ABDBC5D51C8A651B007EC45B /* Mexico.png */ = {isa = PBXFileReference; lastKnownFileType = image.png; path = Mexico.png; sourceTree = "<group>"; };
		ABDBC5D61C8A651B007EC45B /* Russia.png */ = {isa = PBXFileReference; lastKnownFileType = image.png; path = Russia.png; sourceTree = "<group>"; };
		ABDBC5D71C8A651B007EC45B /* Singapore.png */ = {isa = PBXFileReference; lastKnownFileType = image.png; path = Singapore.png; sourceTree = "<group>"; };
		ABDBC5D81C8A651B007EC45B /* Spain.png */ = {isa = PBXFileReference; lastKnownFileType = image.png; path = Spain.png; sourceTree = "<group>"; };
		ABDBC5D91C8A651B007EC45B /* United Kingdom.png */ = {isa = PBXFileReference; lastKnownFileType = image.png; path = "United Kingdom.png"; sourceTree = "<group>"; };
		ABDBC5DA1C8A651B007EC45B /* United States.png */ = {isa = PBXFileReference; lastKnownFileType = image.png; path = "United States.png"; sourceTree = "<group>"; };
		ABDBC5DB1C8A651B007EC45B /* Vietnam.png */ = {isa = PBXFileReference; lastKnownFileType = image.png; path = Vietnam.png; sourceTree = "<group>"; };
		ABDBC5E81C8A66AF007EC45B /* Data.plist */ = {isa = PBXFileReference; fileEncoding = 4; lastKnownFileType = text.plist.xml; path = Data.plist; sourceTree = "<group>"; };
/* End PBXFileReference section */

/* Begin PBXFrameworksBuildPhase section */
		ABDBC5A31C8A53CD007EC45B /* Frameworks */ = {
			isa = PBXFrameworksBuildPhase;
			buildActionMask = 2147483647;
			files = (
			);
			runOnlyForDeploymentPostprocessing = 0;
		};
/* End PBXFrameworksBuildPhase section */

/* Begin PBXGroup section */
		ABDBC59D1C8A53CD007EC45B = {
			isa = PBXGroup;
			children = (
				ABDBC5A81C8A53CD007EC45B /* MultiSectionTableView */,
				ABDBC5A71C8A53CD007EC45B /* Products */,
			);
			sourceTree = "<group>";
		};
		ABDBC5A71C8A53CD007EC45B /* Products */ = {
			isa = PBXGroup;
			children = (
				ABDBC5A61C8A53CD007EC45B /* MultiSectionTableView.app */,
			);
			name = Products;
			sourceTree = "<group>";
		};
		ABDBC5A81C8A53CD007EC45B /* MultiSectionTableView */ = {
			isa = PBXGroup;
			children = (
				ABDBC5C01C8A5416007EC45B /* Model */,
				ABDBC5AC1C8A53CD007EC45B /* AppDelegate.h */,
				ABDBC5AD1C8A53CD007EC45B /* AppDelegate.m */,
				ABDBC5CC1C8A5B03007EC45B /* MultiSectionTableView.h */,
				ABDBC5CD1C8A5B03007EC45B /* MultiSectionTableView.m */,
				ABDBC5B21C8A53CD007EC45B /* Main.storyboard */,
				ABDBC5B51C8A53CD007EC45B /* Assets.xcassets */,
				ABDBC5B71C8A53CD007EC45B /* LaunchScreen.storyboard */,
				ABDBC5BA1C8A53CD007EC45B /* Info.plist */,
				ABDBC5A91C8A53CD007EC45B /* Supporting Files */,
			);
			path = MultiSectionTableView;
			sourceTree = "<group>";
		};
		ABDBC5A91C8A53CD007EC45B /* Supporting Files */ = {
			isa = PBXGroup;
			children = (
				ABDBC5CF1C8A651B007EC45B /* National */,
				ABDBC5AA1C8A53CD007EC45B /* main.m */,
				ABDBC5E81C8A66AF007EC45B /* Data.plist */,
			);
			name = "Supporting Files";
			sourceTree = "<group>";
		};
		ABDBC5C01C8A5416007EC45B /* Model */ = {
			isa = PBXGroup;
			children = (
				ABDBC5C71C8A565C007EC45B /* Data.h */,
				ABDBC5C81C8A565C007EC45B /* Data.m */,
				ABDBC5C41C8A5545007EC45B /* Continent.h */,
				ABDBC5C51C8A5545007EC45B /* Continent.m */,
				ABDBC5C11C8A5429007EC45B /* Country.h */,
				ABDBC5C21C8A5429007EC45B /* Country.m */,
			);
			name = Model;
			sourceTree = "<group>";
		};
		ABDBC5CF1C8A651B007EC45B /* National */ = {
			isa = PBXGroup;
			children = (
				ABDBC5D01C8A651B007EC45B /* Brazil.png */,
				ABDBC5D11C8A651B007EC45B /* France.png */,
				ABDBC5D21C8A651B007EC45B /* German.png */,
				ABDBC5D31C8A651B007EC45B /* Indonesia.png */,
				ABDBC5D41C8A651B007EC45B /* Japan.png */,
				ABDBC5D51C8A651B007EC45B /* Mexico.png */,
				ABDBC5D61C8A651B007EC45B /* Russia.png */,
				ABDBC5D71C8A651B007EC45B /* Singapore.png */,
				ABDBC5D81C8A651B007EC45B /* Spain.png */,
				ABDBC5D91C8A651B007EC45B /* United Kingdom.png */,
				ABDBC5DA1C8A651B007EC45B /* United States.png */,
				ABDBC5DB1C8A651B007EC45B /* Vietnam.png */,
			);
			path = National;
			sourceTree = "<group>";
		};
/* End PBXGroup section */

/* Begin PBXNativeTarget section */
		ABDBC5A51C8A53CD007EC45B /* MultiSectionTableView */ = {
			isa = PBXNativeTarget;
			buildConfigurationList = ABDBC5BD1C8A53CD007EC45B /* Build configuration list for PBXNativeTarget "MultiSectionTableView" */;
			buildPhases = (
				ABDBC5A21C8A53CD007EC45B /* Sources */,
				ABDBC5A31C8A53CD007EC45B /* Frameworks */,
				ABDBC5A41C8A53CD007EC45B /* Resources */,
			);
			buildRules = (
			);
			dependencies = (
			);
			name = MultiSectionTableView;
			productName = MultiSectionTableView;
			productReference = ABDBC5A61C8A53CD007EC45B /* MultiSectionTableView.app */;
			productType = "com.apple.product-type.application";
		};
/* End PBXNativeTarget section */

/* Begin PBXProject section */
		ABDBC59E1C8A53CD007EC45B /* Project object */ = {
			isa = PBXProject;
			attributes = {
				LastUpgradeCheck = 0720;
				ORGANIZATIONNAME = techmaster;
				TargetAttributes = {
					ABDBC5A51C8A53CD007EC45B = {
						CreatedOnToolsVersion = 7.2.1;
					};
				};
			};
			buildConfigurationList = ABDBC5A11C8A53CD007EC45B /* Build configuration list for PBXProject "MultiSectionTableView" */;
			compatibilityVersion = "Xcode 3.2";
			developmentRegion = English;
			hasScannedForEncodings = 0;
			knownRegions = (
				en,
				Base,
			);
			mainGroup = ABDBC59D1C8A53CD007EC45B;
			productRefGroup = ABDBC5A71C8A53CD007EC45B /* Products */;
			projectDirPath = "";
			projectRoot = "";
			targets = (
				ABDBC5A51C8A53CD007EC45B /* MultiSectionTableView */,
			);
		};
/* End PBXProject section */

/* Begin PBXResourcesBuildPhase section */
		ABDBC5A41C8A53CD007EC45B /* Resources */ = {
			isa = PBXResourcesBuildPhase;
			buildActionMask = 2147483647;
			files = (
				ABDBC5DC1C8A651B007EC45B /* Brazil.png in Resources */,
				ABDBC5E61C8A651B007EC45B /* United States.png in Resources */,
				ABDBC5E71C8A651B007EC45B /* Vietnam.png in Resources */,
				ABDBC5E41C8A651B007EC45B /* Spain.png in Resources */,
				ABDBC5B91C8A53CD007EC45B /* LaunchScreen.storyboard in Resources */,
				ABDBC5DF1C8A651B007EC45B /* Indonesia.png in Resources */,
				ABDBC5B61C8A53CD007EC45B /* Assets.xcassets in Resources */,
				ABDBC5E01C8A651B007EC45B /* Japan.png in Resources */,
				ABDBC5DE1C8A651B007EC45B /* German.png in Resources */,
				ABDBC5DD1C8A651B007EC45B /* France.png in Resources */,
				ABDBC5E31C8A651B007EC45B /* Singapore.png in Resources */,
				ABDBC5E11C8A651B007EC45B /* Mexico.png in Resources */,
				ABDBC5E51C8A651B007EC45B /* United Kingdom.png in Resources */,
				ABDBC5B41C8A53CD007EC45B /* Main.storyboard in Resources */,
				ABDBC5E91C8A66AF007EC45B /* Data.plist in Resources */,
				ABDBC5E21C8A651B007EC45B /* Russia.png in Resources */,
			);
			runOnlyForDeploymentPostprocessing = 0;
		};
/* End PBXResourcesBuildPhase section */

/* Begin PBXSourcesBuildPhase section */
		ABDBC5A21C8A53CD007EC45B /* Sources */ = {
			isa = PBXSourcesBuildPhase;
			buildActionMask = 2147483647;
			files = (
				ABDBC5C91C8A565C007EC45B /* Data.m in Sources */,
				ABDBC5C61C8A5545007EC45B /* Continent.m in Sources */,
				ABDBC5AE1C8A53CD007EC45B /* AppDelegate.m in Sources */,
				ABDBC5C31C8A5429007EC45B /* Country.m in Sources */,
				ABDBC5AB1C8A53CD007EC45B /* main.m in Sources */,
				ABDBC5CE1C8A5B03007EC45B /* MultiSectionTableView.m in Sources */,
			);
			runOnlyForDeploymentPostprocessing = 0;
		};
/* End PBXSourcesBuildPhase section */

/* Begin PBXVariantGroup section */
		ABDBC5B21C8A53CD007EC45B /* Main.storyboard */ = {
			isa = PBXVariantGroup;
			children = (
				ABDBC5B31C8A53CD007EC45B /* Base */,
			);
			name = Main.storyboard;
			sourceTree = "<group>";
		};
		ABDBC5B71C8A53CD007EC45B /* LaunchScreen.storyboard */ = {
			isa = PBXVariantGroup;
			children = (
				ABDBC5B81C8A53CD007EC45B /* Base */,
			);
			name = LaunchScreen.storyboard;
			sourceTree = "<group>";
		};
/* End PBXVariantGroup section */

/* Begin XCBuildConfiguration section */
		ABDBC5BB1C8A53CD007EC45B /* Debug */ = {
			isa = XCBuildConfiguration;
			buildSettings = {
				ALWAYS_SEARCH_USER_PATHS = NO;
				CLANG_CXX_LANGUAGE_STANDARD = "gnu++0x";
				CLANG_CXX_LIBRARY = "libc++";
				CLANG_ENABLE_MODULES = YES;
				CLANG_ENABLE_OBJC_ARC = YES;
				CLANG_WARN_BOOL_CONVERSION = YES;
				CLANG_WARN_CONSTANT_CONVERSION = YES;
				CLANG_WARN_DIRECT_OBJC_ISA_USAGE = YES_ERROR;
				CLANG_WARN_EMPTY_BODY = YES;
				CLANG_WARN_ENUM_CONVERSION = YES;
				CLANG_WARN_INT_CONVERSION = YES;
				CLANG_WARN_OBJC_ROOT_CLASS = YES_ERROR;
				CLANG_WARN_UNREACHABLE_CODE = YES;
				CLANG_WARN__DUPLICATE_METHOD_MATCH = YES;
				"CODE_SIGN_IDENTITY[sdk=iphoneos*]" = "iPhone Developer";
				COPY_PHASE_STRIP = NO;
				DEBUG_INFORMATION_FORMAT = dwarf;
				ENABLE_STRICT_OBJC_MSGSEND = YES;
				ENABLE_TESTABILITY = YES;
				GCC_C_LANGUAGE_STANDARD = gnu99;
				GCC_DYNAMIC_NO_PIC = NO;
				GCC_NO_COMMON_BLOCKS = YES;
				GCC_OPTIMIZATION_LEVEL = 0;
				GCC_PREPROCESSOR_DEFINITIONS = (
					"DEBUG=1",
					"$(inherited)",
				);
				GCC_WARN_64_TO_32_BIT_CONVERSION = YES;
				GCC_WARN_ABOUT_RETURN_TYPE = YES_ERROR;
				GCC_WARN_UNDECLARED_SELECTOR = YES;
				GCC_WARN_UNINITIALIZED_AUTOS = YES_AGGRESSIVE;
				GCC_WARN_UNUSED_FUNCTION = YES;
				GCC_WARN_UNUSED_VARIABLE = YES;
				IPHONEOS_DEPLOYMENT_TARGET = 9.2;
				MTL_ENABLE_DEBUG_INFO = YES;
				ONLY_ACTIVE_ARCH = YES;
				SDKROOT = iphoneos;
			};
			name = Debug;
		};
		ABDBC5BC1C8A53CD007EC45B /* Release */ = {
			isa = XCBuildConfiguration;
			buildSettings = {
				ALWAYS_SEARCH_USER_PATHS = NO;
				CLANG_CXX_LANGUAGE_STANDARD = "gnu++0x";
				CLANG_CXX_LIBRARY = "libc++";
				CLANG_ENABLE_MODULES = YES;
				CLANG_ENABLE_OBJC_ARC = YES;
				CLANG_WARN_BOOL_CONVERSION = YES;
				CLANG_WARN_CONSTANT_CONVERSION = YES;
				CLANG_WARN_DIRECT_OBJC_ISA_USAGE = YES_ERROR;
				CLANG_WARN_EMPTY_BODY = YES;
				CLANG_WARN_ENUM_CONVERSION = YES;
				CLANG_WARN_INT_CONVERSION = YES;
				CLANG_WARN_OBJC_ROOT_CLASS = YES_ERROR;
				CLANG_WARN_UNREACHABLE_CODE = YES;
				CLANG_WARN__DUPLICATE_METHOD_MATCH = YES;
				"CODE_SIGN_IDENTITY[sdk=iphoneos*]" = "iPhone Developer";
				COPY_PHASE_STRIP = NO;
				DEBUG_INFORMATION_FORMAT = "dwarf-with-dsym";
				ENABLE_NS_ASSERTIONS = NO;
				ENABLE_STRICT_OBJC_MSGSEND = YES;
				GCC_C_LANGUAGE_STANDARD = gnu99;
				GCC_NO_COMMON_BLOCKS = YES;
				GCC_WARN_64_TO_32_BIT_CONVERSION = YES;
				GCC_WARN_ABOUT_RETURN_TYPE = YES_ERROR;
				GCC_WARN_UNDECLARED_SELECTOR = YES;
				GCC_WARN_UNINITIALIZED_AUTOS = YES_AGGRESSIVE;
				GCC_WARN_UNUSED_FUNCTION = YES;
				GCC_WARN_UNUSED_VARIABLE = YES;
				IPHONEOS_DEPLOYMENT_TARGET = 9.2;
				MTL_ENABLE_DEBUG_INFO = NO;
				SDKROOT = iphoneos;
				VALIDATE_PRODUCT = YES;
			};
			name = Release;
		};
		ABDBC5BE1C8A53CD007EC45B /* Debug */ = {
			isa = XCBuildConfiguration;
			buildSettings = {
				ASSETCATALOG_COMPILER_APPICON_NAME = AppIcon;
				INFOPLIST_FILE = MultiSectionTableView/Info.plist;
				LD_RUNPATH_SEARCH_PATHS = "$(inherited) @executable_path/Frameworks";
				PRODUCT_BUNDLE_IDENTIFIER = hoangthai.vn.MultiSectionTableView;
				PRODUCT_NAME = "$(TARGET_NAME)";
			};
			name = Debug;
		};
		ABDBC5BF1C8A53CD007EC45B /* Release */ = {
			isa = XCBuildConfiguration;
			buildSettings = {
				ASSETCATALOG_COMPILER_APPICON_NAME = AppIcon;
				INFOPLIST_FILE = MultiSectionTableView/Info.plist;
				LD_RUNPATH_SEARCH_PATHS = "$(inherited) @executable_path/Frameworks";
				PRODUCT_BUNDLE_IDENTIFIER = hoangthai.vn.MultiSectionTableView;
				PRODUCT_NAME = "$(TARGET_NAME)";
			};
			name = Release;
		};
/* End XCBuildConfiguration section */

/* Begin XCConfigurationList section */
		ABDBC5A11C8A53CD007EC45B /* Build configuration list for PBXProject "MultiSectionTableView" */ = {
			isa = XCConfigurationList;
			buildConfigurations = (
				ABDBC5BB1C8A53CD007EC45B /* Debug */,
				ABDBC5BC1C8A53CD007EC45B /* Release */,
			);
			defaultConfigurationIsVisible = 0;
			defaultConfigurationName = Release;
		};
		ABDBC5BD1C8A53CD007EC45B /* Build configuration list for PBXNativeTarget "MultiSectionTableView" */ = {
			isa = XCConfigurationList;
			buildConfigurations = (
				ABDBC5BE1C8A53CD007EC45B /* Debug */,
				ABDBC5BF1C8A53CD007EC45B /* Release */,
			);
			defaultConfigurationIsVisible = 0;
		};
/* End XCConfigurationList section */
	};
	rootObject = ABDBC59E1C8A53CD007EC45B /* Project object */;
}
